// !$*UTF8*$!
{
	archiveVersion = 1;
	classes = {
	};
	objectVersion = 56;
	objects = {

/* Begin PBXBuildFile section */
		52FB7EF72B6EB84200B2D27F /* Alt_AIApp.swift in Sources */ = {isa = PBXBuildFile; fileRef = 52FB7EF62B6EB84200B2D27F /* Alt_AIApp.swift */; };
		52FB7EF92B6EB84200B2D27F /* MainView.swift in Sources */ = {isa = PBXBuildFile; fileRef = 52FB7EF82B6EB84200B2D27F /* MainView.swift */; };
		52FB7EFD2B6EB84300B2D27F /* Assets.xcassets in Resources */ = {isa = PBXBuildFile; fileRef = 52FB7EFC2B6EB84300B2D27F /* Assets.xcassets */; };
		52FB7F012B6EB84300B2D27F /* Preview Assets.xcassets in Resources */ = {isa = PBXBuildFile; fileRef = 52FB7F002B6EB84300B2D27F /* Preview Assets.xcassets */; };
		52FB7F092B6EBA9300B2D27F /* Prompt.swift in Sources */ = {isa = PBXBuildFile; fileRef = 52FB7F082B6EBA9300B2D27F /* Prompt.swift */; };
		52FB7F0B2B6EBB7E00B2D27F /* NSImage+Base64.swift in Sources */ = {isa = PBXBuildFile; fileRef = 52FB7F0A2B6EBB7E00B2D27F /* NSImage+Base64.swift */; };
		52FB7F0F2B6EBC0300B2D27F /* OpenAIResponse.swift in Sources */ = {isa = PBXBuildFile; fileRef = 52FB7F0E2B6EBC0300B2D27F /* OpenAIResponse.swift */; };
		52FB7F112B6EBE2E00B2D27F /* SettingsView.swift in Sources */ = {isa = PBXBuildFile; fileRef = 52FB7F102B6EBE2E00B2D27F /* SettingsView.swift */; };
/* End PBXBuildFile section */

/* Begin PBXFileReference section */
		52FB7EF32B6EB84200B2D27F /* Alt.AI.app */ = {isa = PBXFileReference; explicitFileType = wrapper.application; includeInIndex = 0; path = Alt.AI.app; sourceTree = BUILT_PRODUCTS_DIR; };
		52FB7EF62B6EB84200B2D27F /* Alt_AIApp.swift */ = {isa = PBXFileReference; lastKnownFileType = sourcecode.swift; path = Alt_AIApp.swift; sourceTree = "<group>"; };
		52FB7EF82B6EB84200B2D27F /* MainView.swift */ = {isa = PBXFileReference; lastKnownFileType = sourcecode.swift; path = MainView.swift; sourceTree = "<group>"; };
		52FB7EFC2B6EB84300B2D27F /* Assets.xcassets */ = {isa = PBXFileReference; lastKnownFileType = folder.assetcatalog; path = Assets.xcassets; sourceTree = "<group>"; };
		52FB7EFE2B6EB84300B2D27F /* Alt_AI.entitlements */ = {isa = PBXFileReference; lastKnownFileType = text.plist.entitlements; path = Alt_AI.entitlements; sourceTree = "<group>"; };
		52FB7F002B6EB84300B2D27F /* Preview Assets.xcassets */ = {isa = PBXFileReference; lastKnownFileType = folder.assetcatalog; path = "Preview Assets.xcassets"; sourceTree = "<group>"; };
		52FB7F022B6EB84300B2D27F /* Info.plist */ = {isa = PBXFileReference; lastKnownFileType = text.plist.xml; path = Info.plist; sourceTree = "<group>"; };
		52FB7F082B6EBA9300B2D27F /* Prompt.swift */ = {isa = PBXFileReference; lastKnownFileType = sourcecode.swift; path = Prompt.swift; sourceTree = "<group>"; };
		52FB7F0A2B6EBB7E00B2D27F /* NSImage+Base64.swift */ = {isa = PBXFileReference; lastKnownFileType = sourcecode.swift; path = "NSImage+Base64.swift"; sourceTree = "<group>"; };
		52FB7F0E2B6EBC0300B2D27F /* OpenAIResponse.swift */ = {isa = PBXFileReference; lastKnownFileType = sourcecode.swift; path = OpenAIResponse.swift; sourceTree = "<group>"; };
		52FB7F102B6EBE2E00B2D27F /* SettingsView.swift */ = {isa = PBXFileReference; lastKnownFileType = sourcecode.swift; path = SettingsView.swift; sourceTree = "<group>"; };
/* End PBXFileReference section */

/* Begin PBXFrameworksBuildPhase section */
		52FB7EF02B6EB84200B2D27F /* Frameworks */ = {
			isa = PBXFrameworksBuildPhase;
			buildActionMask = 2147483647;
			files = (
			);
			runOnlyForDeploymentPostprocessing = 0;
		};
/* End PBXFrameworksBuildPhase section */

/* Begin PBXGroup section */
		52FB7EEA2B6EB84200B2D27F = {
			isa = PBXGroup;
			children = (
				52FB7EF52B6EB84200B2D27F /* Alt.AI */,
				52FB7EF42B6EB84200B2D27F /* Products */,
			);
			sourceTree = "<group>";
		};
		52FB7EF42B6EB84200B2D27F /* Products */ = {
			isa = PBXGroup;
			children = (
				52FB7EF32B6EB84200B2D27F /* Alt.AI.app */,
			);
			name = Products;
			sourceTree = "<group>";
		};
		52FB7EF52B6EB84200B2D27F /* Alt.AI */ = {
			isa = PBXGroup;
			children = (
				52FB7F0D2B6EBBF300B2D27F /* Models */,
				52FB7F0C2B6EBB8300B2D27F /* Extensions */,
				52FB7EF62B6EB84200B2D27F /* Alt_AIApp.swift */,
				52FB7EF82B6EB84200B2D27F /* MainView.swift */,
				52FB7F102B6EBE2E00B2D27F /* SettingsView.swift */,
				52FB7EFC2B6EB84300B2D27F /* Assets.xcassets */,
				52FB7EFE2B6EB84300B2D27F /* Alt_AI.entitlements */,
				52FB7F022B6EB84300B2D27F /* Info.plist */,
				52FB7EFF2B6EB84300B2D27F /* Preview Content */,
			);
			path = Alt.AI;
			sourceTree = "<group>";
		};
		52FB7EFF2B6EB84300B2D27F /* Preview Content */ = {
			isa = PBXGroup;
			children = (
				52FB7F002B6EB84300B2D27F /* Preview Assets.xcassets */,
			);
			path = "Preview Content";
			sourceTree = "<group>";
		};
		52FB7F0C2B6EBB8300B2D27F /* Extensions */ = {
			isa = PBXGroup;
			children = (
				52FB7F0A2B6EBB7E00B2D27F /* NSImage+Base64.swift */,
			);
			path = Extensions;
			sourceTree = "<group>";
		};
		52FB7F0D2B6EBBF300B2D27F /* Models */ = {
			isa = PBXGroup;
			children = (
				52FB7F082B6EBA9300B2D27F /* Prompt.swift */,
				52FB7F0E2B6EBC0300B2D27F /* OpenAIResponse.swift */,
			);
			path = Models;
			sourceTree = "<group>";
		};
/* End PBXGroup section */

/* Begin PBXNativeTarget section */
		52FB7EF22B6EB84200B2D27F /* Alt.AI */ = {
			isa = PBXNativeTarget;
			buildConfigurationList = 52FB7F052B6EB84300B2D27F /* Build configuration list for PBXNativeTarget "Alt.AI" */;
			buildPhases = (
				52FB7EEF2B6EB84200B2D27F /* Sources */,
				52FB7EF02B6EB84200B2D27F /* Frameworks */,
				52FB7EF12B6EB84200B2D27F /* Resources */,
			);
			buildRules = (
			);
			dependencies = (
			);
			name = Alt.AI;
			productName = Alt.AI;
			productReference = 52FB7EF32B6EB84200B2D27F /* Alt.AI.app */;
			productType = "com.apple.product-type.application";
		};
/* End PBXNativeTarget section */

/* Begin PBXProject section */
		52FB7EEB2B6EB84200B2D27F /* Project object */ = {
			isa = PBXProject;
			attributes = {
				BuildIndependentTargetsInParallel = 1;
				LastSwiftUpdateCheck = 1520;
				LastUpgradeCheck = 1520;
				TargetAttributes = {
					52FB7EF22B6EB84200B2D27F = {
						CreatedOnToolsVersion = 15.2;
					};
				};
			};
			buildConfigurationList = 52FB7EEE2B6EB84200B2D27F /* Build configuration list for PBXProject "Alt.AI" */;
			compatibilityVersion = "Xcode 14.0";
			developmentRegion = en;
			hasScannedForEncodings = 0;
			knownRegions = (
				en,
				Base,
			);
			mainGroup = 52FB7EEA2B6EB84200B2D27F;
			productRefGroup = 52FB7EF42B6EB84200B2D27F /* Products */;
			projectDirPath = "";
			projectRoot = "";
			targets = (
				52FB7EF22B6EB84200B2D27F /* Alt.AI */,
			);
		};
/* End PBXProject section */

/* Begin PBXResourcesBuildPhase section */
		52FB7EF12B6EB84200B2D27F /* Resources */ = {
			isa = PBXResourcesBuildPhase;
			buildActionMask = 2147483647;
			files = (
				52FB7F012B6EB84300B2D27F /* Preview Assets.xcassets in Resources */,
				52FB7EFD2B6EB84300B2D27F /* Assets.xcassets in Resources */,
			);
			runOnlyForDeploymentPostprocessing = 0;
		};
/* End PBXResourcesBuildPhase section */

/* Begin PBXSourcesBuildPhase section */
		52FB7EEF2B6EB84200B2D27F /* Sources */ = {
			isa = PBXSourcesBuildPhase;
			buildActionMask = 2147483647;
			files = (
				52FB7F0F2B6EBC0300B2D27F /* OpenAIResponse.swift in Sources */,
				52FB7EF92B6EB84200B2D27F /* MainView.swift in Sources */,
				52FB7F092B6EBA9300B2D27F /* Prompt.swift in Sources */,
				52FB7F112B6EBE2E00B2D27F /* SettingsView.swift in Sources */,
				52FB7EF72B6EB84200B2D27F /* Alt_AIApp.swift in Sources */,
				52FB7F0B2B6EBB7E00B2D27F /* NSImage+Base64.swift in Sources */,
			);
			runOnlyForDeploymentPostprocessing = 0;
		};
/* End PBXSourcesBuildPhase section */

/* Begin XCBuildConfiguration section */
		52FB7F032B6EB84300B2D27F /* Debug */ = {
			isa = XCBuildConfiguration;
			buildSettings = {
				ALWAYS_SEARCH_USER_PATHS = NO;
				ASSETCATALOG_COMPILER_GENERATE_SWIFT_ASSET_SYMBOL_EXTENSIONS = YES;
				CLANG_ANALYZER_NONNULL = YES;
				CLANG_ANALYZER_NUMBER_OBJECT_CONVERSION = YES_AGGRESSIVE;
				CLANG_CXX_LANGUAGE_STANDARD = "gnu++20";
				CLANG_ENABLE_MODULES = YES;
				CLANG_ENABLE_OBJC_ARC = YES;
				CLANG_ENABLE_OBJC_WEAK = YES;
				CLANG_WARN_BLOCK_CAPTURE_AUTORELEASING = YES;
				CLANG_WARN_BOOL_CONVERSION = YES;
				CLANG_WARN_COMMA = YES;
				CLANG_WARN_CONSTANT_CONVERSION = YES;
				CLANG_WARN_DEPRECATED_OBJC_IMPLEMENTATIONS = YES;
				CLANG_WARN_DIRECT_OBJC_ISA_USAGE = YES_ERROR;
				CLANG_WARN_DOCUMENTATION_COMMENTS = YES;
				CLANG_WARN_EMPTY_BODY = YES;
				CLANG_WARN_ENUM_CONVERSION = YES;
				CLANG_WARN_INFINITE_RECURSION = YES;
				CLANG_WARN_INT_CONVERSION = YES;
				CLANG_WARN_NON_LITERAL_NULL_CONVERSION = YES;
				CLANG_WARN_OBJC_IMPLICIT_RETAIN_SELF = YES;
				CLANG_WARN_OBJC_LITERAL_CONVERSION = YES;
				CLANG_WARN_OBJC_ROOT_CLASS = YES_ERROR;
				CLANG_WARN_QUOTED_INCLUDE_IN_FRAMEWORK_HEADER = YES;
				CLANG_WARN_RANGE_LOOP_ANALYSIS = YES;
				CLANG_WARN_STRICT_PROTOTYPES = YES;
				CLANG_WARN_SUSPICIOUS_MOVE = YES;
				CLANG_WARN_UNGUARDED_AVAILABILITY = YES_AGGRESSIVE;
				CLANG_WARN_UNREACHABLE_CODE = YES;
				CLANG_WARN__DUPLICATE_METHOD_MATCH = YES;
				COPY_PHASE_STRIP = NO;
				DEBUG_INFORMATION_FORMAT = dwarf;
				ENABLE_STRICT_OBJC_MSGSEND = YES;
				ENABLE_TESTABILITY = YES;
				ENABLE_USER_SCRIPT_SANDBOXING = YES;
				GCC_C_LANGUAGE_STANDARD = gnu17;
				GCC_DYNAMIC_NO_PIC = NO;
				GCC_NO_COMMON_BLOCKS = YES;
				GCC_OPTIMIZATION_LEVEL = 0;
				GCC_PREPROCESSOR_DEFINITIONS = (
					"DEBUG=1",
					"$(inherited)",
				);
				GCC_WARN_64_TO_32_BIT_CONVERSION = YES;
				GCC_WARN_ABOUT_RETURN_TYPE = YES_ERROR;
				GCC_WARN_UNDECLARED_SELECTOR = YES;
				GCC_WARN_UNINITIALIZED_AUTOS = YES_AGGRESSIVE;
				GCC_WARN_UNUSED_FUNCTION = YES;
				GCC_WARN_UNUSED_VARIABLE = YES;
				LOCALIZATION_PREFERS_STRING_CATALOGS = YES;
				MTL_ENABLE_DEBUG_INFO = INCLUDE_SOURCE;
				MTL_FAST_MATH = YES;
				ONLY_ACTIVE_ARCH = YES;
				SWIFT_ACTIVE_COMPILATION_CONDITIONS = "DEBUG $(inherited)";
				SWIFT_OPTIMIZATION_LEVEL = "-Onone";
			};
			name = Debug;
		};
		52FB7F042B6EB84300B2D27F /* Release */ = {
			isa = XCBuildConfiguration;
			buildSettings = {
				ALWAYS_SEARCH_USER_PATHS = NO;
				ASSETCATALOG_COMPILER_GENERATE_SWIFT_ASSET_SYMBOL_EXTENSIONS = YES;
				CLANG_ANALYZER_NONNULL = YES;
				CLANG_ANALYZER_NUMBER_OBJECT_CONVERSION = YES_AGGRESSIVE;
				CLANG_CXX_LANGUAGE_STANDARD = "gnu++20";
				CLANG_ENABLE_MODULES = YES;
				CLANG_ENABLE_OBJC_ARC = YES;
				CLANG_ENABLE_OBJC_WEAK = YES;
				CLANG_WARN_BLOCK_CAPTURE_AUTORELEASING = YES;
				CLANG_WARN_BOOL_CONVERSION = YES;
				CLANG_WARN_COMMA = YES;
				CLANG_WARN_CONSTANT_CONVERSION = YES;
				CLANG_WARN_DEPRECATED_OBJC_IMPLEMENTATIONS = YES;
				CLANG_WARN_DIRECT_OBJC_ISA_USAGE = YES_ERROR;
				CLANG_WARN_DOCUMENTATION_COMMENTS = YES;
				CLANG_WARN_EMPTY_BODY = YES;
				CLANG_WARN_ENUM_CONVERSION = YES;
				CLANG_WARN_INFINITE_RECURSION = YES;
				CLANG_WARN_INT_CONVERSION = YES;
				CLANG_WARN_NON_LITERAL_NULL_CONVERSION = YES;
				CLANG_WARN_OBJC_IMPLICIT_RETAIN_SELF = YES;
				CLANG_WARN_OBJC_LITERAL_CONVERSION = YES;
				CLANG_WARN_OBJC_ROOT_CLASS = YES_ERROR;
				CLANG_WARN_QUOTED_INCLUDE_IN_FRAMEWORK_HEADER = YES;
				CLANG_WARN_RANGE_LOOP_ANALYSIS = YES;
				CLANG_WARN_STRICT_PROTOTYPES = YES;
				CLANG_WARN_SUSPICIOUS_MOVE = YES;
				CLANG_WARN_UNGUARDED_AVAILABILITY = YES_AGGRESSIVE;
				CLANG_WARN_UNREACHABLE_CODE = YES;
				CLANG_WARN__DUPLICATE_METHOD_MATCH = YES;
				COPY_PHASE_STRIP = NO;
				DEBUG_INFORMATION_FORMAT = "dwarf-with-dsym";
				ENABLE_NS_ASSERTIONS = NO;
				ENABLE_STRICT_OBJC_MSGSEND = YES;
				ENABLE_USER_SCRIPT_SANDBOXING = YES;
				GCC_C_LANGUAGE_STANDARD = gnu17;
				GCC_NO_COMMON_BLOCKS = YES;
				GCC_WARN_64_TO_32_BIT_CONVERSION = YES;
				GCC_WARN_ABOUT_RETURN_TYPE = YES_ERROR;
				GCC_WARN_UNDECLARED_SELECTOR = YES;
				GCC_WARN_UNINITIALIZED_AUTOS = YES_AGGRESSIVE;
				GCC_WARN_UNUSED_FUNCTION = YES;
				GCC_WARN_UNUSED_VARIABLE = YES;
				LOCALIZATION_PREFERS_STRING_CATALOGS = YES;
				MTL_ENABLE_DEBUG_INFO = NO;
				MTL_FAST_MATH = YES;
				SWIFT_COMPILATION_MODE = wholemodule;
			};
			name = Release;
		};
		52FB7F062B6EB84300B2D27F /* Debug */ = {
			isa = XCBuildConfiguration;
			buildSettings = {
				ASSETCATALOG_COMPILER_APPICON_NAME = AppIcon;
				ASSETCATALOG_COMPILER_GLOBAL_ACCENT_COLOR_NAME = AccentColor;
				CODE_SIGN_ENTITLEMENTS = Alt.AI/Alt_AI.entitlements;
				CODE_SIGN_STYLE = Automatic;
				CURRENT_PROJECT_VERSION = 1;
				DEVELOPMENT_ASSET_PATHS = "\"Alt.AI/Preview Content\"";
				DEVELOPMENT_TEAM = 4HKGH5JXWX;
				ENABLE_HARDENED_RUNTIME = YES;
				ENABLE_PREVIEWS = YES;
				GENERATE_INFOPLIST_FILE = YES;
				INFOPLIST_FILE = Alt.AI/Info.plist;
				"INFOPLIST_KEY_UIApplicationSceneManifest_Generation[sdk=iphoneos*]" = YES;
				"INFOPLIST_KEY_UIApplicationSceneManifest_Generation[sdk=iphonesimulator*]" = YES;
				"INFOPLIST_KEY_UIApplicationSupportsIndirectInputEvents[sdk=iphoneos*]" = YES;
				"INFOPLIST_KEY_UIApplicationSupportsIndirectInputEvents[sdk=iphonesimulator*]" = YES;
				"INFOPLIST_KEY_UILaunchScreen_Generation[sdk=iphoneos*]" = YES;
				"INFOPLIST_KEY_UILaunchScreen_Generation[sdk=iphonesimulator*]" = YES;
				"INFOPLIST_KEY_UIStatusBarStyle[sdk=iphoneos*]" = UIStatusBarStyleDefault;
				"INFOPLIST_KEY_UIStatusBarStyle[sdk=iphonesimulator*]" = UIStatusBarStyleDefault;
				INFOPLIST_KEY_UISupportedInterfaceOrientations_iPad = "UIInterfaceOrientationPortrait UIInterfaceOrientationPortraitUpsideDown UIInterfaceOrientationLandscapeLeft UIInterfaceOrientationLandscapeRight";
				INFOPLIST_KEY_UISupportedInterfaceOrientations_iPhone = "UIInterfaceOrientationPortrait UIInterfaceOrientationLandscapeLeft UIInterfaceOrientationLandscapeRight";
				IPHONEOS_DEPLOYMENT_TARGET = 17.2;
				LD_RUNPATH_SEARCH_PATHS = "@executable_path/Frameworks";
				"LD_RUNPATH_SEARCH_PATHS[sdk=macosx*]" = "@executable_path/../Frameworks";
				MACOSX_DEPLOYMENT_TARGET = 14.0;
				MARKETING_VERSION = 2024.1;
				PRODUCT_BUNDLE_IDENTIFIER = "xyz.behnke.Alt-AI";
				PRODUCT_NAME = "$(TARGET_NAME)";
				SDKROOT = auto;
				SUPPORTED_PLATFORMS = "iphoneos iphonesimulator macosx xros xrsimulator";
				SUPPORTS_MACCATALYST = NO;
				SWIFT_EMIT_LOC_STRINGS = YES;
				SWIFT_VERSION = 5.0;
				TARGETED_DEVICE_FAMILY = "1,2,7";
			};
			name = Debug;
		};
		52FB7F072B6EB84300B2D27F /* Release */ = {
			isa = XCBuildConfiguration;
			buildSettings = {
				ASSETCATALOG_COMPILER_APPICON_NAME = AppIcon;
				ASSETCATALOG_COMPILER_GLOBAL_ACCENT_COLOR_NAME = AccentColor;
				CODE_SIGN_ENTITLEMENTS = Alt.AI/Alt_AI.entitlements;
				CODE_SIGN_STYLE = Automatic;
				CURRENT_PROJECT_VERSION = 1;
				DEVELOPMENT_ASSET_PATHS = "\"Alt.AI/Preview Content\"";
				DEVELOPMENT_TEAM = 4HKGH5JXWX;
				ENABLE_HARDENED_RUNTIME = YES;
				ENABLE_PREVIEWS = YES;
				GENERATE_INFOPLIST_FILE = YES;
				INFOPLIST_FILE = Alt.AI/Info.plist;
				"INFOPLIST_KEY_UIApplicationSceneManifest_Generation[sdk=iphoneos*]" = YES;
				"INFOPLIST_KEY_UIApplicationSceneManifest_Generation[sdk=iphonesimulator*]" = YES;
				"INFOPLIST_KEY_UIApplicationSupportsIndirectInputEvents[sdk=iphoneos*]" = YES;
				"INFOPLIST_KEY_UIApplicationSupportsIndirectInputEvents[sdk=iphonesimulator*]" = YES;
				"INFOPLIST_KEY_UILaunchScreen_Generation[sdk=iphoneos*]" = YES;
				"INFOPLIST_KEY_UILaunchScreen_Generation[sdk=iphonesimulator*]" = YES;
				"INFOPLIST_KEY_UIStatusBarStyle[sdk=iphoneos*]" = UIStatusBarStyleDefault;
				"INFOPLIST_KEY_UIStatusBarStyle[sdk=iphonesimulator*]" = UIStatusBarStyleDefault;
				INFOPLIST_KEY_UISupportedInterfaceOrientations_iPad = "UIInterfaceOrientationPortrait UIInterfaceOrientationPortraitUpsideDown UIInterfaceOrientationLandscapeLeft UIInterfaceOrientationLandscapeRight";
				INFOPLIST_KEY_UISupportedInterfaceOrientations_iPhone = "UIInterfaceOrientationPortrait UIInterfaceOrientationLandscapeLeft UIInterfaceOrientationLandscapeRight";
				IPHONEOS_DEPLOYMENT_TARGET = 17.2;
				LD_RUNPATH_SEARCH_PATHS = "@executable_path/Frameworks";
				"LD_RUNPATH_SEARCH_PATHS[sdk=macosx*]" = "@executable_path/../Frameworks";
				MACOSX_DEPLOYMENT_TARGET = 14.0;
				MARKETING_VERSION = 2024.1;
				PRODUCT_BUNDLE_IDENTIFIER = "xyz.behnke.Alt-AI";
				PRODUCT_NAME = "$(TARGET_NAME)";
				SDKROOT = auto;
				SUPPORTED_PLATFORMS = "iphoneos iphonesimulator macosx xros xrsimulator";
				SUPPORTS_MACCATALYST = NO;
				SWIFT_EMIT_LOC_STRINGS = YES;
				SWIFT_VERSION = 5.0;
				TARGETED_DEVICE_FAMILY = "1,2,7";
			};
			name = Release;
		};
/* End XCBuildConfiguration section */

/* Begin XCConfigurationList section */
		52FB7EEE2B6EB84200B2D27F /* Build configuration list for PBXProject "Alt.AI" */ = {
			isa = XCConfigurationList;
			buildConfigurations = (
				52FB7F032B6EB84300B2D27F /* Debug */,
				52FB7F042B6EB84300B2D27F /* Release */,
			);
			defaultConfigurationIsVisible = 0;
			defaultConfigurationName = Release;
		};
		52FB7F052B6EB84300B2D27F /* Build configuration list for PBXNativeTarget "Alt.AI" */ = {
			isa = XCConfigurationList;
			buildConfigurations = (
				52FB7F062B6EB84300B2D27F /* Debug */,
				52FB7F072B6EB84300B2D27F /* Release */,
			);
			defaultConfigurationIsVisible = 0;
			defaultConfigurationName = Release;
		};
/* End XCConfigurationList section */
	};
	rootObject = 52FB7EEB2B6EB84200B2D27F /* Project object */;
}
